
Microsoft Visual Studio Solution File, Format Version 12.00
# Visual Studio Version 16
VisualStudioVersion = 16.0.32002.261
MinimumVisualStudioVersion = 10.0.40219.1
Project("{FAE04EC0-301F-11D3-BF4B-00C04F79EFBC}") = "CESI_POO", "CESI_POO.csproj", "{420E803B-2299-46D2-93B4-A0836217D4B9}"
EndProject
Global
	GlobalSection(SolutionConfigurationPlatforms) = preSolution
		Debug|Any CPU = Debug|Any CPU
		Release|Any CPU = Release|Any CPU
	EndGlobalSection
	GlobalSection(ProjectConfigurationPlatforms) = postSolution
		{420E803B-2299-46D2-93B4-A0836217D4B9}.Debug|Any CPU.ActiveCfg = Debug|Any CPU
		{420E803B-2299-46D2-93B4-A0836217D4B9}.Debug|Any CPU.Build.0 = Debug|Any CPU
		{420E803B-2299-46D2-93B4-A0836217D4B9}.Release|Any CPU.ActiveCfg = Release|Any CPU
		{420E803B-2299-46D2-93B4-A0836217D4B9}.Release|Any CPU.Build.0 = Release|Any CPU
	EndGlobalSection
	GlobalSection(SolutionProperties) = preSolution
		HideSolutionNode = FALSE
	EndGlobalSection
	GlobalSection(ExtensibilityGlobals) = postSolution
		SolutionGuid = {734D86E6-AC51-420C-B7DE-7B3C2957AE98}
	EndGlobalSection
EndGlobal
